
Microsoft Visual Studio Solution File, Format Version 12.00
# Visual Studio Version 17
VisualStudioVersion = 17.4.33205.214
MinimumVisualStudioVersion = 10.0.40219.1
Project("{FAE04EC0-301F-11D3-BF4B-00C04F79EFBC}") = "Democracy", "Democracy.csproj", "{FAC5EA4F-1A32-4246-A670-3E7F8AD70B8D}"
EndProject
Global
	GlobalSection(SolutionConfigurationPlatforms) = preSolution
		Debug|Any CPU = Debug|Any CPU
		Release|Any CPU = Release|Any CPU
	EndGlobalSection
	GlobalSection(ProjectConfigurationPlatforms) = postSolution
		{FAC5EA4F-1A32-4246-A670-3E7F8AD70B8D}.Debug|Any CPU.ActiveCfg = Debug|Any CPU
		{FAC5EA4F-1A32-4246-A670-3E7F8AD70B8D}.Debug|Any CPU.Build.0 = Debug|Any CPU
		{FAC5EA4F-1A32-4246-A670-3E7F8AD70B8D}.Release|Any CPU.ActiveCfg = Release|Any CPU
		{FAC5EA4F-1A32-4246-A670-3E7F8AD70B8D}.Release|Any CPU.Build.0 = Release|Any CPU
	EndGlobalSection
	GlobalSection(SolutionProperties) = preSolution
		HideSolutionNode = FALSE
	EndGlobalSection
	GlobalSection(ExtensibilityGlobals) = postSolution
		SolutionGuid = {8F5F541C-5C53-46C1-9E03-B50F6E17F61A}
	EndGlobalSection
EndGlobal
